
Microsoft Visual Studio Solution File, Format Version 12.00
# Visual Studio Version 16
VisualStudioVersion = 16.0.30011.22
MinimumVisualStudioVersion = 10.0.40219.1
Project("{FAE04EC0-301F-11D3-BF4B-00C04F79EFBC}") = "ISTA421EX4A_Encrypting_and_Decrypting_Messages", "ISTA421EX4A_Encrypting_and_Decrypting_Messages\ISTA421EX4A_Encrypting_and_Decrypting_Messages.csproj", "{806CE828-BD99-4111-B4E3-1929712C782E}"
EndProject
Global
	GlobalSection(SolutionConfigurationPlatforms) = preSolution
		Debug|Any CPU = Debug|Any CPU
		Release|Any CPU = Release|Any CPU
	EndGlobalSection
	GlobalSection(ProjectConfigurationPlatforms) = postSolution
		{806CE828-BD99-4111-B4E3-1929712C782E}.Debug|Any CPU.ActiveCfg = Debug|Any CPU
		{806CE828-BD99-4111-B4E3-1929712C782E}.Debug|Any CPU.Build.0 = Debug|Any CPU
		{806CE828-BD99-4111-B4E3-1929712C782E}.Release|Any CPU.ActiveCfg = Release|Any CPU
		{806CE828-BD99-4111-B4E3-1929712C782E}.Release|Any CPU.Build.0 = Release|Any CPU
	EndGlobalSection
	GlobalSection(SolutionProperties) = preSolution
		HideSolutionNode = FALSE
	EndGlobalSection
	GlobalSection(ExtensibilityGlobals) = postSolution
		SolutionGuid = {95EA4E81-69BC-4395-BE0C-52C6D3D225C2}
	EndGlobalSection
EndGlobal
