
Microsoft Visual Studio Solution File, Format Version 12.00
# Visual Studio Version 16
VisualStudioVersion = 16.0.30011.22
MinimumVisualStudioVersion = 10.0.40219.1
Project("{FAE04EC0-301F-11D3-BF4B-00C04F79EFBC}") = "ISTA421HW6A Review Delegates", "ISTA421HW6A Review Delegates\ISTA421HW6A Review Delegates.csproj", "{3D07CB84-06BB-4716-A9B3-BD6840F5586D}"
EndProject
Global
	GlobalSection(SolutionConfigurationPlatforms) = preSolution
		Debug|Any CPU = Debug|Any CPU
		Release|Any CPU = Release|Any CPU
	EndGlobalSection
	GlobalSection(ProjectConfigurationPlatforms) = postSolution
		{3D07CB84-06BB-4716-A9B3-BD6840F5586D}.Debug|Any CPU.ActiveCfg = Debug|Any CPU
		{3D07CB84-06BB-4716-A9B3-BD6840F5586D}.Debug|Any CPU.Build.0 = Debug|Any CPU
		{3D07CB84-06BB-4716-A9B3-BD6840F5586D}.Release|Any CPU.ActiveCfg = Release|Any CPU
		{3D07CB84-06BB-4716-A9B3-BD6840F5586D}.Release|Any CPU.Build.0 = Release|Any CPU
	EndGlobalSection
	GlobalSection(SolutionProperties) = preSolution
		HideSolutionNode = FALSE
	EndGlobalSection
	GlobalSection(ExtensibilityGlobals) = postSolution
		SolutionGuid = {383ECEBC-EE98-4AF2-BB9E-C0DA84BA9E2A}
	EndGlobalSection
EndGlobal
